
Microsoft Visual Studio Solution File, Format Version 12.00
# Visual Studio Version 17
VisualStudioVersion = 17.6.33829.357
MinimumVisualStudioVersion = 10.0.40219.1
Project("{FAE04EC0-301F-11D3-BF4B-00C04F79EFBC}") = "Anelli.Alessandro.4I.rubricaUnoAMolti", "Anelli.Alessandro.4I.rubricaUnoAMolti.csproj", "{1CF0FBAC-6CC1-47F7-BD49-1C7535B133C3}"
EndProject
Global
	GlobalSection(SolutionConfigurationPlatforms) = preSolution
		Debug|Any CPU = Debug|Any CPU
		Release|Any CPU = Release|Any CPU
	EndGlobalSection
	GlobalSection(ProjectConfigurationPlatforms) = postSolution
		{1CF0FBAC-6CC1-47F7-BD49-1C7535B133C3}.Debug|Any CPU.ActiveCfg = Debug|Any CPU
		{1CF0FBAC-6CC1-47F7-BD49-1C7535B133C3}.Debug|Any CPU.Build.0 = Debug|Any CPU
		{1CF0FBAC-6CC1-47F7-BD49-1C7535B133C3}.Release|Any CPU.ActiveCfg = Release|Any CPU
		{1CF0FBAC-6CC1-47F7-BD49-1C7535B133C3}.Release|Any CPU.Build.0 = Release|Any CPU
	EndGlobalSection
	GlobalSection(SolutionProperties) = preSolution
		HideSolutionNode = FALSE
	EndGlobalSection
	GlobalSection(ExtensibilityGlobals) = postSolution
		SolutionGuid = {140C9A21-DED9-4A72-89CF-0DEBE673308C}
	EndGlobalSection
EndGlobal
